
Microsoft Visual Studio Solution File, Format Version 12.00
# Visual Studio Version 17
VisualStudioVersion = 17.3.32922.545
MinimumVisualStudioVersion = 10.0.40219.1
Project("{FAE04EC0-301F-11D3-BF4B-00C04F79EFBC}") = "StringMatcherBenchmark", "StringMatcherBenchmark\StringMatcherBenchmark.csproj", "{2BBBC1AE-9297-4D2B-85DC-AA8DB4B10ED2}"
EndProject
Global
	GlobalSection(SolutionConfigurationPlatforms) = preSolution
		Debug|Any CPU = Debug|Any CPU
		Release|Any CPU = Release|Any CPU
	EndGlobalSection
	GlobalSection(ProjectConfigurationPlatforms) = postSolution
		{2BBBC1AE-9297-4D2B-85DC-AA8DB4B10ED2}.Debug|Any CPU.ActiveCfg = Debug|Any CPU
		{2BBBC1AE-9297-4D2B-85DC-AA8DB4B10ED2}.Debug|Any CPU.Build.0 = Debug|Any CPU
		{2BBBC1AE-9297-4D2B-85DC-AA8DB4B10ED2}.Release|Any CPU.ActiveCfg = Release|Any CPU
		{2BBBC1AE-9297-4D2B-85DC-AA8DB4B10ED2}.Release|Any CPU.Build.0 = Release|Any CPU
	EndGlobalSection
	GlobalSection(SolutionProperties) = preSolution
		HideSolutionNode = FALSE
	EndGlobalSection
	GlobalSection(ExtensibilityGlobals) = postSolution
		SolutionGuid = {044D3F50-DEDA-4FF0-B225-8D3DC76EBE6D}
	EndGlobalSection
EndGlobal
